# Generated by move; do not edit
# This file should be checked in.

[move]
version = 4

[pinned.mainnet.Haneul]
source = { git = "https://github.com/GeunhwaJeong/haneul.git", subdir = "crates/haneul-framework/packages/haneul-framework", rev = "da380c569272e59d62358845f9c639c758a99bb1" }
use_environment = "mainnet"
manifest_digest = "CD547CB1ACCE0880C835DAED2D8FFCB91D56C833AE5240D3AA5B918398263195"
deps = { MoveStdlib = "MoveStdlib" }

[pinned.mainnet.MoveStdlib]
source = { git = "https://github.com/GeunhwaJeong/haneul.git", subdir = "crates/haneul-framework/packages/move-stdlib", rev = "da380c569272e59d62358845f9c639c758a99bb1" }
use_environment = "mainnet"
manifest_digest = "C4FE4C91DE74CBF223B2E380AE40F592177D21870DC2D7EB6227D2D694E05363"
deps = {}

[pinned.mainnet.pyth]
source = { root = true }
use_environment = "mainnet"
manifest_digest = "CD8E307A741A94C756E9B484D1C27FECE7E13C902AC690207EF1B5E06943EA3E"
deps = { haneul = "Haneul", std = "MoveStdlib", wormhole = "wormhole" }

[pinned.mainnet.wormhole]
source = { local = "../wormhole" }
use_environment = "mainnet"
manifest_digest = "4CC609D131956CD4B1B69A61C3E00A321E1E1D4F50604A41DE2448582BFF0E5D"
deps = { haneul = "Haneul", std = "MoveStdlib" }
